{
  "name": "stegosaurus",
  "version": "1.0.0",
  "lockfileVersion": 2,
  "requires": true,
  "packages": {
    "": {
      "name": "stegosaurus",
      "version": "1.0.0",
      "license": "ISC",
      "dependencies": {
        "bwip-js": "^3.0.4"
      }
    },
    "node_modules/bwip-js": {
      "version": "3.0.4",
      "resolved": "https://registry.npmjs.org/bwip-js/-/bwip-js-3.0.4.tgz",
      "integrity": "sha512-Gx1NYJsrAs99Ry5OQNPtbwwT7dw9kAhJDneiw1imfMmxEb9GHYl+7VeBxMZTFLgew8eLadfHPqUui5HhTYb6fw==",
      "bin": {
        "bwip-js": "bin/bwip-js.js"
      }
    }
  },
  "dependencies": {
    "bwip-js": {
      "version": "3.0.4",
      "resolved": "https://registry.npmjs.org/bwip-js/-/bwip-js-3.0.4.tgz",
      "integrity": "sha512-Gx1NYJsrAs99Ry5OQNPtbwwT7dw9kAhJDneiw1imfMmxEb9GHYl+7VeBxMZTFLgew8eLadfHPqUui5HhTYb6fw=="
    }
  }
}
